{
  "name": "sqlite-vector",
  "version": "1.0.0",
  "lockfileVersion": 3,
  "requires": true,
  "packages": {
    "": {
      "name": "sqlite-vector",
      "version": "1.0.0",
      "license": "ISC",
      "dependencies": {
        "@sqliteai/sqlite-wasm": "^3.50.4-wasm.1.0.0-sync.1.0.20-vector.1.0.0-memory.1.3.5"
      }
    },
    "node_modules/@sqliteai/sqlite-wasm": {
      "version": "3.50.4-wasm.1.0.0-sync.1.0.20-vector.1.0.0-memory.1.3.5",
      "resolved": "https://registry.npmjs.org/@sqliteai/sqlite-wasm/-/sqlite-wasm-3.50.4-wasm.1.0.0-sync.1.0.20-vector.1.0.0-memory.1.3.5.tgz",
      "integrity": "sha512-pWPeD6Ea/46kC4apVGjQnV1KhTLSI1SZt4T3KV+QGJxY2/MNuxPkf2qbblawK2l11ANjzFkwtNgucBXi54Mgow==",
      "license": "Apache-2.0"
    }
  }
}
